
Microsoft Visual Studio Solution File, Format Version 12.00
# Visual Studio Version 16
VisualStudioVersion = 16.0.30907.101
MinimumVisualStudioVersion = 10.0.40219.1
Project("{FAE04EC0-301F-11D3-BF4B-00C04F79EFBC}") = "LabCMS.FixtureDomain.Shared", "LabCMS.FixtureDomain.Shared\LabCMS.FixtureDomain.Shared.csproj", "{9B1448B0-93D1-44B9-98C9-D69E684601EA}"
EndProject
Global
	GlobalSection(SolutionConfigurationPlatforms) = preSolution
		Debug|Any CPU = Debug|Any CPU
		Release|Any CPU = Release|Any CPU
	EndGlobalSection
	GlobalSection(ProjectConfigurationPlatforms) = postSolution
		{9B1448B0-93D1-44B9-98C9-D69E684601EA}.Debug|Any CPU.ActiveCfg = Debug|Any CPU
		{9B1448B0-93D1-44B9-98C9-D69E684601EA}.Debug|Any CPU.Build.0 = Debug|Any CPU
		{9B1448B0-93D1-44B9-98C9-D69E684601EA}.Release|Any CPU.ActiveCfg = Release|Any CPU
		{9B1448B0-93D1-44B9-98C9-D69E684601EA}.Release|Any CPU.Build.0 = Release|Any CPU
	EndGlobalSection
	GlobalSection(SolutionProperties) = preSolution
		HideSolutionNode = FALSE
	EndGlobalSection
	GlobalSection(ExtensibilityGlobals) = postSolution
		SolutionGuid = {109CFEAC-51C4-4536-829D-123B23988E92}
	EndGlobalSection
EndGlobal
